Microsoft Visual Studio Solution File, Format Version 12.00
# Visual Studio Version 17
VisualStudioVersion = 17.13.35828.75 d17.13
MinimumVisualStudioVersion = 10.0.40219.1
Project("{FAE04EC0-301F-11D3-BF4B-00C04F79EFBC}") = "SlimDHT", "SlimDHT\SlimDHT.csproj", "{34952BFC-1A9B-472A-829E-0CE66F1AD643}"
EndProject
Project("{FAE04EC0-301F-11D3-BF4B-00C04F79EFBC}") = "Unittest", "Unittest\Unittest.csproj", "{A1DDB731-B8B8-41B2-8FD3-9CA6064FC9CC}"
EndProject
Global
	GlobalSection(SolutionConfigurationPlatforms) = preSolution
		Debug|Any CPU = Debug|Any CPU
		Release|Any CPU = Release|Any CPU
	EndGlobalSection
	GlobalSection(ProjectConfigurationPlatforms) = postSolution
		{34952BFC-1A9B-472A-829E-0CE66F1AD643}.Debug|Any CPU.ActiveCfg = Debug|Any CPU
		{34952BFC-1A9B-472A-829E-0CE66F1AD643}.Debug|Any CPU.Build.0 = Debug|Any CPU
		{34952BFC-1A9B-472A-829E-0CE66F1AD643}.Release|Any CPU.ActiveCfg = Release|Any CPU
		{34952BFC-1A9B-472A-829E-0CE66F1AD643}.Release|Any CPU.Build.0 = Release|Any CPU
		{A1DDB731-B8B8-41B2-8FD3-9CA6064FC9CC}.Debug|Any CPU.ActiveCfg = Debug|Any CPU
		{A1DDB731-B8B8-41B2-8FD3-9CA6064FC9CC}.Debug|Any CPU.Build.0 = Debug|Any CPU
		{A1DDB731-B8B8-41B2-8FD3-9CA6064FC9CC}.Release|Any CPU.ActiveCfg = Release|Any CPU
		{A1DDB731-B8B8-41B2-8FD3-9CA6064FC9CC}.Release|Any CPU.Build.0 = Release|Any CPU
	EndGlobalSection
	GlobalSection(SolutionProperties) = preSolution
		HideSolutionNode = FALSE
	EndGlobalSection
	GlobalSection(ExtensibilityGlobals) = postSolution
		SolutionGuid = {6D1C577F-C024-40CD-A59A-A81C69E7F98F}
	EndGlobalSection
EndGlobal
